
Microsoft Visual Studio Solution File, Format Version 12.00
# Visual Studio Version 16
VisualStudioVersion = 16.0.31702.278
MinimumVisualStudioVersion = 10.0.40219.1
Project("{FAE04EC0-301F-11D3-BF4B-00C04F79EFBC}") = "BattleshipGame", "BattleshipGame.csproj", "{61DC9B8D-DEB1-4B77-B051-4CD2A1F0E1A6}"
EndProject
Project("{FAE04EC0-301F-11D3-BF4B-00C04F79EFBC}") = "BattleshipGame.Core", "..\BattleshipGame.Core\BattleshipGame.Core.csproj", "{8479A34F-2153-4DED-96BF-639C7A451322}"
EndProject
Project("{FAE04EC0-301F-11D3-BF4B-00C04F79EFBC}") = "BattleshipGame.Tests", "..\BattleshipGame.Tests\BattleshipGame.Tests.csproj", "{804CD472-FFF4-4F63-A211-2E8E5E7E935F}"
EndProject
Global
	GlobalSection(SolutionConfigurationPlatforms) = preSolution
		Debug|Any CPU = Debug|Any CPU
		Release|Any CPU = Release|Any CPU
	EndGlobalSection
	GlobalSection(ProjectConfigurationPlatforms) = postSolution
		{61DC9B8D-DEB1-4B77-B051-4CD2A1F0E1A6}.Debug|Any CPU.ActiveCfg = Debug|Any CPU
		{61DC9B8D-DEB1-4B77-B051-4CD2A1F0E1A6}.Debug|Any CPU.Build.0 = Debug|Any CPU
		{61DC9B8D-DEB1-4B77-B051-4CD2A1F0E1A6}.Release|Any CPU.ActiveCfg = Release|Any CPU
		{61DC9B8D-DEB1-4B77-B051-4CD2A1F0E1A6}.Release|Any CPU.Build.0 = Release|Any CPU
		{8479A34F-2153-4DED-96BF-639C7A451322}.Debug|Any CPU.ActiveCfg = Debug|Any CPU
		{8479A34F-2153-4DED-96BF-639C7A451322}.Debug|Any CPU.Build.0 = Debug|Any CPU
		{8479A34F-2153-4DED-96BF-639C7A451322}.Release|Any CPU.ActiveCfg = Release|Any CPU
		{8479A34F-2153-4DED-96BF-639C7A451322}.Release|Any CPU.Build.0 = Release|Any CPU
		{804CD472-FFF4-4F63-A211-2E8E5E7E935F}.Debug|Any CPU.ActiveCfg = Debug|Any CPU
		{804CD472-FFF4-4F63-A211-2E8E5E7E935F}.Debug|Any CPU.Build.0 = Debug|Any CPU
		{804CD472-FFF4-4F63-A211-2E8E5E7E935F}.Release|Any CPU.ActiveCfg = Release|Any CPU
		{804CD472-FFF4-4F63-A211-2E8E5E7E935F}.Release|Any CPU.Build.0 = Release|Any CPU
	EndGlobalSection
	GlobalSection(SolutionProperties) = preSolution
		HideSolutionNode = FALSE
	EndGlobalSection
	GlobalSection(ExtensibilityGlobals) = postSolution
		SolutionGuid = {CC6EFC4E-DEB4-44F4-A08B-0232A2073385}
	EndGlobalSection
EndGlobal
